
Microsoft Visual Studio Solution File, Format Version 12.00
# Visual Studio 15
VisualStudioVersion = 15.0.27130.2024
MinimumVisualStudioVersion = 10.0.40219.1
Project("{FAE04EC0-301F-11D3-BF4B-00C04F79EFBC}") = "SelfControl.Android", "SelfControl\SelfControl.Android\SelfControl.Android.csproj", "{991EEC86-FFEC-4241-A5C6-B68D19FEE21F}"
EndProject
Project("{FAE04EC0-301F-11D3-BF4B-00C04F79EFBC}") = "SelfControl.iOS", "SelfControl\SelfControl.iOS\SelfControl.iOS.csproj", "{E5D909C3-59E0-4BEC-89E3-6EEFCFA67EC3}"
EndProject
Project("{9A19103F-16F7-4668-BE54-9A1E7A4F7556}") = "SelfControl", "SelfControl\SelfControl\SelfControl.csproj", "{21612DA4-92B8-43F5-B950-BBC5FABA5A97}"
EndProject
Project("{FAE04EC0-301F-11D3-BF4B-00C04F79EFBC}") = "PanCardView", "SelfControl\PanCardView\PanCardView.csproj", "{662BF768-43C5-4A71-8F1E-7FA54DD6157A}"
EndProject
Project("{FAE04EC0-301F-11D3-BF4B-00C04F79EFBC}") = "PanCardView.Droid", "SelfControl\PanCardView.Droid\PanCardView.Droid.csproj", "{47A15982-1485-4E70-8440-84EFBA28C584}"
EndProject
Global
	GlobalSection(SolutionConfigurationPlatforms) = preSolution
		Ad-Hoc|Any CPU = Ad-Hoc|Any CPU
		Ad-Hoc|iPhone = Ad-Hoc|iPhone
		Ad-Hoc|iPhoneSimulator = Ad-Hoc|iPhoneSimulator
		AppStore|Any CPU = AppStore|Any CPU
		AppStore|iPhone = AppStore|iPhone
		AppStore|iPhoneSimulator = AppStore|iPhoneSimulator
		Debug|Any CPU = Debug|Any CPU
		Debug|iPhone = Debug|iPhone
		Debug|iPhoneSimulator = Debug|iPhoneSimulator
		Release|Any CPU = Release|Any CPU
		Release|iPhone = Release|iPhone
		Release|iPhoneSimulator = Release|iPhoneSimulator
	EndGlobalSection
	GlobalSection(ProjectConfigurationPlatforms) = postSolution
		{991EEC86-FFEC-4241-A5C6-B68D19FEE21F}.Ad-Hoc|Any CPU.ActiveCfg = Release|Any CPU
		{991EEC86-FFEC-4241-A5C6-B68D19FEE21F}.Ad-Hoc|Any CPU.Build.0 = Release|Any CPU
		{991EEC86-FFEC-4241-A5C6-B68D19FEE21F}.Ad-Hoc|Any CPU.Deploy.0 = Release|Any CPU
		{991EEC86-FFEC-4241-A5C6-B68D19FEE21F}.Ad-Hoc|iPhone.ActiveCfg = Release|Any CPU
		{991EEC86-FFEC-4241-A5C6-B68D19FEE21F}.Ad-Hoc|iPhone.Build.0 = Release|Any CPU
		{991EEC86-FFEC-4241-A5C6-B68D19FEE21F}.Ad-Hoc|iPhone.Deploy.0 = Release|Any CPU
		{991EEC86-FFEC-4241-A5C6-B68D19FEE21F}.Ad-Hoc|iPhoneSimulator.ActiveCfg = Release|Any CPU
		{991EEC86-FFEC-4241-A5C6-B68D19FEE21F}.Ad-Hoc|iPhoneSimulator.Build.0 = Release|Any CPU
		{991EEC86-FFEC-4241-A5C6-B68D19FEE21F}.Ad-Hoc|iPhoneSimulator.Deploy.0 = Release|Any CPU
		{991EEC86-FFEC-4241-A5C6-B68D19FEE21F}.AppStore|Any CPU.ActiveCfg = Release|Any CPU
		{991EEC86-FFEC-4241-A5C6-B68D19FEE21F}.AppStore|Any CPU.Build.0 = Release|Any CPU
		{991EEC86-FFEC-4241-A5C6-B68D19FEE21F}.AppStore|Any CPU.Deploy.0 = Release|Any CPU
		{991EEC86-FFEC-4241-A5C6-B68D19FEE21F}.AppStore|iPhone.ActiveCfg = Release|Any CPU
		{991EEC86-FFEC-4241-A5C6-B68D19FEE21F}.AppStore|iPhone.Build.0 = Release|Any CPU
		{991EEC86-FFEC-4241-A5C6-B68D19FEE21F}.AppStore|iPhone.Deploy.0 = Release|Any CPU
		{991EEC86-FFEC-4241-A5C6-B68D19FEE21F}.AppStore|iPhoneSimulator.ActiveCfg = Release|Any CPU
		{991EEC86-FFEC-4241-A5C6-B68D19FEE21F}.AppStore|iPhoneSimulator.Build.0 = Release|Any CPU
		{991EEC86-FFEC-4241-A5C6-B68D19FEE21F}.AppStore|iPhoneSimulator.Deploy.0 = Release|Any CPU
		{991EEC86-FFEC-4241-A5C6-B68D19FEE21F}.Debug|Any CPU.ActiveCfg = Debug|Any CPU
		{991EEC86-FFEC-4241-A5C6-B68D19FEE21F}.Debug|Any CPU.Build.0 = Debug|Any CPU
		{991EEC86-FFEC-4241-A5C6-B68D19FEE21F}.Debug|Any CPU.Deploy.0 = Debug|Any CPU
		{991EEC86-FFEC-4241-A5C6-B68D19FEE21F}.Debug|iPhone.ActiveCfg = Debug|Any CPU
		{991EEC86-FFEC-4241-A5C6-B68D19FEE21F}.Debug|iPhone.Build.0 = Debug|Any CPU
		{991EEC86-FFEC-4241-A5C6-B68D19FEE21F}.Debug|iPhone.Deploy.0 = Debug|Any CPU
		{991EEC86-FFEC-4241-A5C6-B68D19FEE21F}.Debug|iPhoneSimulator.ActiveCfg = Debug|Any CPU
		{991EEC86-FFEC-4241-A5C6-B68D19FEE21F}.Debug|iPhoneSimulator.Build.0 = Debug|Any CPU
		{991EEC86-FFEC-4241-A5C6-B68D19FEE21F}.Debug|iPhoneSimulator.Deploy.0 = Debug|Any CPU
		{991EEC86-FFEC-4241-A5C6-B68D19FEE21F}.Release|Any CPU.ActiveCfg = Release|Any CPU
		{991EEC86-FFEC-4241-A5C6-B68D19FEE21F}.Release|Any CPU.Build.0 = Release|Any CPU
		{991EEC86-FFEC-4241-A5C6-B68D19FEE21F}.Release|Any CPU.Deploy.0 = Release|Any CPU
		{991EEC86-FFEC-4241-A5C6-B68D19FEE21F}.Release|iPhone.ActiveCfg = Release|Any CPU
		{991EEC86-FFEC-4241-A5C6-B68D19FEE21F}.Release|iPhone.Build.0 = Release|Any CPU
		{991EEC86-FFEC-4241-A5C6-B68D19FEE21F}.Release|iPhone.Deploy.0 = Release|Any CPU
		{991EEC86-FFEC-4241-A5C6-B68D19FEE21F}.Release|iPhoneSimulator.ActiveCfg = Release|Any CPU
		{991EEC86-FFEC-4241-A5C6-B68D19FEE21F}.Release|iPhoneSimulator.Build.0 = Release|Any CPU
		{991EEC86-FFEC-4241-A5C6-B68D19FEE21F}.Release|iPhoneSimulator.Deploy.0 = Release|Any CPU
		{E5D909C3-59E0-4BEC-89E3-6EEFCFA67EC3}.Ad-Hoc|Any CPU.ActiveCfg = Ad-Hoc|iPhone
		{E5D909C3-59E0-4BEC-89E3-6EEFCFA67EC3}.Ad-Hoc|iPhone.ActiveCfg = Ad-Hoc|iPhone
		{E5D909C3-59E0-4BEC-89E3-6EEFCFA67EC3}.Ad-Hoc|iPhone.Build.0 = Ad-Hoc|iPhone
		{E5D909C3-59E0-4BEC-89E3-6EEFCFA67EC3}.Ad-Hoc|iPhoneSimulator.ActiveCfg = Ad-Hoc|iPhoneSimulator
		{E5D909C3-59E0-4BEC-89E3-6EEFCFA67EC3}.Ad-Hoc|iPhoneSimulator.Build.0 = Ad-Hoc|iPhoneSimulator
		{E5D909C3-59E0-4BEC-89E3-6EEFCFA67EC3}.AppStore|Any CPU.ActiveCfg = AppStore|iPhone
		{E5D909C3-59E0-4BEC-89E3-6EEFCFA67EC3}.AppStore|iPhone.ActiveCfg = AppStore|iPhone
		{E5D909C3-59E0-4BEC-89E3-6EEFCFA67EC3}.AppStore|iPhone.Build.0 = AppStore|iPhone
		{E5D909C3-59E0-4BEC-89E3-6EEFCFA67EC3}.AppStore|iPhoneSimulator.ActiveCfg = AppStore|iPhoneSimulator
		{E5D909C3-59E0-4BEC-89E3-6EEFCFA67EC3}.AppStore|iPhoneSimulator.Build.0 = AppStore|iPhoneSimulator
		{E5D909C3-59E0-4BEC-89E3-6EEFCFA67EC3}.Debug|Any CPU.ActiveCfg = Debug|iPhone
		{E5D909C3-59E0-4BEC-89E3-6EEFCFA67EC3}.Debug|iPhone.ActiveCfg = Debug|iPhone
		{E5D909C3-59E0-4BEC-89E3-6EEFCFA67EC3}.Debug|iPhone.Build.0 = Debug|iPhone
		{E5D909C3-59E0-4BEC-89E3-6EEFCFA67EC3}.Debug|iPhoneSimulator.ActiveCfg = Debug|iPhoneSimulator
		{E5D909C3-59E0-4BEC-89E3-6EEFCFA67EC3}.Debug|iPhoneSimulator.Build.0 = Debug|iPhoneSimulator
		{E5D909C3-59E0-4BEC-89E3-6EEFCFA67EC3}.Release|Any CPU.ActiveCfg = Release|iPhone
		{E5D909C3-59E0-4BEC-89E3-6EEFCFA67EC3}.Release|iPhone.ActiveCfg = Release|iPhone
		{E5D909C3-59E0-4BEC-89E3-6EEFCFA67EC3}.Release|iPhone.Build.0 = Release|iPhone
		{E5D909C3-59E0-4BEC-89E3-6EEFCFA67EC3}.Release|iPhoneSimulator.ActiveCfg = Release|iPhoneSimulator
		{E5D909C3-59E0-4BEC-89E3-6EEFCFA67EC3}.Release|iPhoneSimulator.Build.0 = Release|iPhoneSimulator
		{21612DA4-92B8-43F5-B950-BBC5FABA5A97}.Ad-Hoc|Any CPU.ActiveCfg = Debug|Any CPU
		{21612DA4-92B8-43F5-B950-BBC5FABA5A97}.Ad-Hoc|Any CPU.Build.0 = Debug|Any CPU
		{21612DA4-92B8-43F5-B950-BBC5FABA5A97}.Ad-Hoc|iPhone.ActiveCfg = Debug|Any CPU
		{21612DA4-92B8-43F5-B950-BBC5FABA5A97}.Ad-Hoc|iPhone.Build.0 = Debug|Any CPU
		{21612DA4-92B8-43F5-B950-BBC5FABA5A97}.Ad-Hoc|iPhoneSimulator.ActiveCfg = Debug|Any CPU
		{21612DA4-92B8-43F5-B950-BBC5FABA5A97}.Ad-Hoc|iPhoneSimulator.Build.0 = Debug|Any CPU
		{21612DA4-92B8-43F5-B950-BBC5FABA5A97}.AppStore|Any CPU.ActiveCfg = Debug|Any CPU
		{21612DA4-92B8-43F5-B950-BBC5FABA5A97}.AppStore|Any CPU.Build.0 = Debug|Any CPU
		{21612DA4-92B8-43F5-B950-BBC5FABA5A97}.AppStore|iPhone.ActiveCfg = Debug|Any CPU
		{21612DA4-92B8-43F5-B950-BBC5FABA5A97}.AppStore|iPhone.Build.0 = Debug|Any CPU
		{21612DA4-92B8-43F5-B950-BBC5FABA5A97}.AppStore|iPhoneSimulator.ActiveCfg = Debug|Any CPU
		{21612DA4-92B8-43F5-B950-BBC5FABA5A97}.AppStore|iPhoneSimulator.Build.0 = Debug|Any CPU
		{21612DA4-92B8-43F5-B950-BBC5FABA5A97}.Debug|Any CPU.ActiveCfg = Debug|Any CPU
		{21612DA4-92B8-43F5-B950-BBC5FABA5A97}.Debug|Any CPU.Build.0 = Debug|Any CPU
		{21612DA4-92B8-43F5-B950-BBC5FABA5A97}.Debug|iPhone.ActiveCfg = Debug|Any CPU
		{21612DA4-92B8-43F5-B950-BBC5FABA5A97}.Debug|iPhone.Build.0 = Debug|Any CPU
		{21612DA4-92B8-43F5-B950-BBC5FABA5A97}.Debug|iPhoneSimulator.ActiveCfg = Debug|Any CPU
		{21612DA4-92B8-43F5-B950-BBC5FABA5A97}.Debug|iPhoneSimulator.Build.0 = Debug|Any CPU
		{21612DA4-92B8-43F5-B950-BBC5FABA5A97}.Release|Any CPU.ActiveCfg = Release|Any CPU
		{21612DA4-92B8-43F5-B950-BBC5FABA5A97}.Release|Any CPU.Build.0 = Release|Any CPU
		{21612DA4-92B8-43F5-B950-BBC5FABA5A97}.Release|iPhone.ActiveCfg = Release|Any CPU
		{21612DA4-92B8-43F5-B950-BBC5FABA5A97}.Release|iPhone.Build.0 = Release|Any CPU
		{21612DA4-92B8-43F5-B950-BBC5FABA5A97}.Release|iPhoneSimulator.ActiveCfg = Release|Any CPU
		{21612DA4-92B8-43F5-B950-BBC5FABA5A97}.Release|iPhoneSimulator.Build.0 = Release|Any CPU
		{662BF768-43C5-4A71-8F1E-7FA54DD6157A}.Ad-Hoc|Any CPU.ActiveCfg = Release|Any CPU
		{662BF768-43C5-4A71-8F1E-7FA54DD6157A}.Ad-Hoc|Any CPU.Build.0 = Release|Any CPU
		{662BF768-43C5-4A71-8F1E-7FA54DD6157A}.Ad-Hoc|iPhone.ActiveCfg = Release|Any CPU
		{662BF768-43C5-4A71-8F1E-7FA54DD6157A}.Ad-Hoc|iPhone.Build.0 = Release|Any CPU
		{662BF768-43C5-4A71-8F1E-7FA54DD6157A}.Ad-Hoc|iPhoneSimulator.ActiveCfg = Release|Any CPU
		{662BF768-43C5-4A71-8F1E-7FA54DD6157A}.Ad-Hoc|iPhoneSimulator.Build.0 = Release|Any CPU
		{662BF768-43C5-4A71-8F1E-7FA54DD6157A}.AppStore|Any CPU.ActiveCfg = Release|Any CPU
		{662BF768-43C5-4A71-8F1E-7FA54DD6157A}.AppStore|Any CPU.Build.0 = Release|Any CPU
		{662BF768-43C5-4A71-8F1E-7FA54DD6157A}.AppStore|iPhone.ActiveCfg = Release|Any CPU
		{662BF768-43C5-4A71-8F1E-7FA54DD6157A}.AppStore|iPhone.Build.0 = Release|Any CPU
		{662BF768-43C5-4A71-8F1E-7FA54DD6157A}.AppStore|iPhoneSimulator.ActiveCfg = Release|Any CPU
		{662BF768-43C5-4A71-8F1E-7FA54DD6157A}.AppStore|iPhoneSimulator.Build.0 = Release|Any CPU
		{662BF768-43C5-4A71-8F1E-7FA54DD6157A}.Debug|Any CPU.ActiveCfg = Debug|Any CPU
		{662BF768-43C5-4A71-8F1E-7FA54DD6157A}.Debug|Any CPU.Build.0 = Debug|Any CPU
		{662BF768-43C5-4A71-8F1E-7FA54DD6157A}.Debug|iPhone.ActiveCfg = Debug|Any CPU
		{662BF768-43C5-4A71-8F1E-7FA54DD6157A}.Debug|iPhone.Build.0 = Debug|Any CPU
		{662BF768-43C5-4A71-8F1E-7FA54DD6157A}.Debug|iPhoneSimulator.ActiveCfg = Debug|Any CPU
		{662BF768-43C5-4A71-8F1E-7FA54DD6157A}.Debug|iPhoneSimulator.Build.0 = Debug|Any CPU
		{662BF768-43C5-4A71-8F1E-7FA54DD6157A}.Release|Any CPU.ActiveCfg = Release|Any CPU
		{662BF768-43C5-4A71-8F1E-7FA54DD6157A}.Release|Any CPU.Build.0 = Release|Any CPU
		{662BF768-43C5-4A71-8F1E-7FA54DD6157A}.Release|iPhone.ActiveCfg = Release|Any CPU
		{662BF768-43C5-4A71-8F1E-7FA54DD6157A}.Release|iPhone.Build.0 = Release|Any CPU
		{662BF768-43C5-4A71-8F1E-7FA54DD6157A}.Release|iPhoneSimulator.ActiveCfg = Release|Any CPU
		{662BF768-43C5-4A71-8F1E-7FA54DD6157A}.Release|iPhoneSimulator.Build.0 = Release|Any CPU
		{47A15982-1485-4E70-8440-84EFBA28C584}.Ad-Hoc|Any CPU.ActiveCfg = Release|Any CPU
		{47A15982-1485-4E70-8440-84EFBA28C584}.Ad-Hoc|Any CPU.Build.0 = Release|Any CPU
		{47A15982-1485-4E70-8440-84EFBA28C584}.Ad-Hoc|iPhone.ActiveCfg = Release|Any CPU
		{47A15982-1485-4E70-8440-84EFBA28C584}.Ad-Hoc|iPhone.Build.0 = Release|Any CPU
		{47A15982-1485-4E70-8440-84EFBA28C584}.Ad-Hoc|iPhoneSimulator.ActiveCfg = Release|Any CPU
		{47A15982-1485-4E70-8440-84EFBA28C584}.Ad-Hoc|iPhoneSimulator.Build.0 = Release|Any CPU
		{47A15982-1485-4E70-8440-84EFBA28C584}.AppStore|Any CPU.ActiveCfg = Release|Any CPU
		{47A15982-1485-4E70-8440-84EFBA28C584}.AppStore|Any CPU.Build.0 = Release|Any CPU
		{47A15982-1485-4E70-8440-84EFBA28C584}.AppStore|iPhone.ActiveCfg = Release|Any CPU
		{47A15982-1485-4E70-8440-84EFBA28C584}.AppStore|iPhone.Build.0 = Release|Any CPU
		{47A15982-1485-4E70-8440-84EFBA28C584}.AppStore|iPhoneSimulator.ActiveCfg = Release|Any CPU
		{47A15982-1485-4E70-8440-84EFBA28C584}.AppStore|iPhoneSimulator.Build.0 = Release|Any CPU
		{47A15982-1485-4E70-8440-84EFBA28C584}.Debug|Any CPU.ActiveCfg = Debug|Any CPU
		{47A15982-1485-4E70-8440-84EFBA28C584}.Debug|Any CPU.Build.0 = Debug|Any CPU
		{47A15982-1485-4E70-8440-84EFBA28C584}.Debug|iPhone.ActiveCfg = Debug|Any CPU
		{47A15982-1485-4E70-8440-84EFBA28C584}.Debug|iPhone.Build.0 = Debug|Any CPU
		{47A15982-1485-4E70-8440-84EFBA28C584}.Debug|iPhoneSimulator.ActiveCfg = Debug|Any CPU
		{47A15982-1485-4E70-8440-84EFBA28C584}.Debug|iPhoneSimulator.Build.0 = Debug|Any CPU
		{47A15982-1485-4E70-8440-84EFBA28C584}.Release|Any CPU.ActiveCfg = Release|Any CPU
		{47A15982-1485-4E70-8440-84EFBA28C584}.Release|Any CPU.Build.0 = Release|Any CPU
		{47A15982-1485-4E70-8440-84EFBA28C584}.Release|iPhone.ActiveCfg = Release|Any CPU
		{47A15982-1485-4E70-8440-84EFBA28C584}.Release|iPhone.Build.0 = Release|Any CPU
		{47A15982-1485-4E70-8440-84EFBA28C584}.Release|iPhoneSimulator.ActiveCfg = Release|Any CPU
		{47A15982-1485-4E70-8440-84EFBA28C584}.Release|iPhoneSimulator.Build.0 = Release|Any CPU
	EndGlobalSection
	GlobalSection(SolutionProperties) = preSolution
		HideSolutionNode = FALSE
	EndGlobalSection
	GlobalSection(ExtensibilityGlobals) = postSolution
		SolutionGuid = {2BB689AB-B93D-414E-8FD5-A468C9636B25}
	EndGlobalSection
EndGlobal
